
Microsoft Visual Studio Solution File, Format Version 12.00
# Visual Studio Version 17
VisualStudioVersion = 17.6.33717.318
MinimumVisualStudioVersion = 10.0.40219.1
Project("{2150E333-8FDC-42A3-9474-1A3956D46DE8}") = "Services", "Services", "{081EF36E-FCAA-46F8-9A9E-677130353953}"
EndProject
Project("{2150E333-8FDC-42A3-9474-1A3956D46DE8}") = "Gateway", "Gateway", "{2CA2B108-2958-4B25-A4F2-95EB320FD068}"
EndProject
Project("{2150E333-8FDC-42A3-9474-1A3956D46DE8}") = "Frontends", "Frontends", "{805A1AE0-22BF-46EB-9C52-BACB3668D231}"
EndProject
Project("{2150E333-8FDC-42A3-9474-1A3956D46DE8}") = "ProductService", "ProductService", "{89CAE4FB-B137-4D7E-814F-BD0AC56BD56E}"
EndProject
Project("{2150E333-8FDC-42A3-9474-1A3956D46DE8}") = "OrderService", "OrderService", "{B5C7A4CB-3EAB-4657-AA05-AEA5D94527F2}"
EndProject
Project("{2150E333-8FDC-42A3-9474-1A3956D46DE8}") = "PurchaseService", "PurchaseService", "{46DD3247-55A7-4912-89CB-D9510EF9234E}"
EndProject
Project("{9A19103F-16F7-4668-BE54-9A1E7A4F7556}") = "OrderService.API", "Services\OrderService\OrderService.API\OrderService.API.csproj", "{9DBE06C8-128D-4DBD-A058-E59208D7990C}"
EndProject
Project("{9A19103F-16F7-4668-BE54-9A1E7A4F7556}") = "OrderService.Domain", "Services\OrderService\OrderService.Domain\OrderService.Domain.csproj", "{953770AF-6BDB-4F8A-B0DC-02ED98C4CE70}"
EndProject
Project("{9A19103F-16F7-4668-BE54-9A1E7A4F7556}") = "OrderService.Library", "Services\OrderService\OrderService.Library\OrderService.Library.csproj", "{5F79557D-FEAD-48CF-B7F0-408DF8EF1175}"
EndProject
Project("{9A19103F-16F7-4668-BE54-9A1E7A4F7556}") = "ProductService.API", "Services\ProductService\ProductService.API\ProductService.API.csproj", "{6837A02C-D92B-49D4-B826-4478286E49D0}"
EndProject
Project("{9A19103F-16F7-4668-BE54-9A1E7A4F7556}") = "ProductService.Library", "Services\ProductService\ProductService.Library\ProductService.Library.csproj", "{9140BB7D-BE7A-458C-BED3-D3E2C83C9660}"
EndProject
Project("{9A19103F-16F7-4668-BE54-9A1E7A4F7556}") = "PurchaseService.API", "Services\PurchaseService\PurchaseService.API\PurchaseService.API.csproj", "{8C4D4052-33E9-4621-9410-7FA5B7B51AB6}"
EndProject
Project("{E53339B2-1760-4266-BCC7-CA923CBCF16C}") = "docker-compose", "docker-compose.dcproj", "{112DDE19-D863-4DAA-A61A-82D87761B0CE}"
EndProject
Project("{9A19103F-16F7-4668-BE54-9A1E7A4F7556}") = "DesktopApp", "Frontends\DesktopApp\DesktopApp.csproj", "{5051D005-2FA5-400D-9B4C-A06F8629D2E0}"
EndProject
Project("{2150E333-8FDC-42A3-9474-1A3956D46DE8}") = "Core", "Core", "{188404DE-6D1A-46EC-9076-1528CC922B01}"
EndProject
Project("{9A19103F-16F7-4668-BE54-9A1E7A4F7556}") = "MiniECommerce.Testing", "Core\MiniECommerce.Testing\MiniECommerce.Testing.csproj", "{98051567-AACE-4E60-AAAE-C030491EE55B}"
EndProject
Project("{9A19103F-16F7-4668-BE54-9A1E7A4F7556}") = "ProductService.Tests", "Services\ProductService\ProductService.Tests\ProductService.Tests.csproj", "{58AA8868-E919-46DB-A08E-C7606526B84C}"
EndProject
Project("{9A19103F-16F7-4668-BE54-9A1E7A4F7556}") = "OrderService.DataAccess", "Services\OrderService\OrderService.DataAccess\OrderService.DataAccess.csproj", "{5480CD9B-E72D-4833-99ED-C591550AC200}"
EndProject
Project("{9A19103F-16F7-4668-BE54-9A1E7A4F7556}") = "OrderService.Tests", "Services\OrderService\OrderService.Tests\OrderService.Tests.csproj", "{B1275D7C-EBF3-4B7A-80A4-F8B21294B03D}"
EndProject
Project("{9A19103F-16F7-4668-BE54-9A1E7A4F7556}") = "MiniECommerce.Authentication", "Core\MiniECommerce.Authentication\MiniECommerce.Authentication.csproj", "{2DF921CE-27D4-40B6-9EAC-4F7343A89EEB}"
EndProject
Project("{9A19103F-16F7-4668-BE54-9A1E7A4F7556}") = "MiniECommerce.Library", "Core\MiniECommerce.Library\MiniECommerce.Library.csproj", "{0B8577E4-49C0-4853-8CCE-285F93DFB931}"
EndProject
Project("{9A19103F-16F7-4668-BE54-9A1E7A4F7556}") = "ProductService.DataAccess", "Services\ProductService\ProductService.DataAccess\ProductService.DataAccess.csproj", "{23A98614-4E09-4D9C-B851-3F6F8011E24A}"
EndProject
Project("{9A19103F-16F7-4668-BE54-9A1E7A4F7556}") = "MiniECommerce.Gateway", "Gateway\MiniECommerce.Gateway\MiniECommerce.Gateway.csproj", "{8B3F1FE6-3A59-4F12-BE8A-E3153F518D96}"
EndProject
Project("{9A19103F-16F7-4668-BE54-9A1E7A4F7556}") = "ProductService.Domain", "Services\ProductService\ProductService.Domain\ProductService.Domain.csproj", "{125C6E46-A8A4-446F-98EB-C69EE9372580}"
EndProject
Project("{9A19103F-16F7-4668-BE54-9A1E7A4F7556}") = "MiniECommece.APIUtilities", "Core\MiniECommece.APIUtilities\MiniECommece.APIUtilities.csproj", "{B413AD04-3E0C-4E0E-87E9-9C8D41B78F90}"
EndProject
Project("{9A19103F-16F7-4668-BE54-9A1E7A4F7556}") = "MiniECommerce.Consumption", "Frontends\MiniECommerce.Consumption\MiniECommerce.Consumption.csproj", "{C29AF6D9-2747-4351-B219-AC475067AC06}"
EndProject
Project("{9A19103F-16F7-4668-BE54-9A1E7A4F7556}") = "BasketService.API", "Services\BasketService\BasketService.API\BasketService.API.csproj", "{D83733E6-A887-4A85-94AF-4BA0CA9E7BDA}"
EndProject
Project("{2150E333-8FDC-42A3-9474-1A3956D46DE8}") = "BasketService", "BasketService", "{2296A82A-FEC7-4C94-BAA2-FB9CA8AA6371}"
EndProject
Project("{9A19103F-16F7-4668-BE54-9A1E7A4F7556}") = "MiniECommerce.Gateway.Consumption", "Gateway\MiniECommerce.Gateway.Consumption\MiniECommerce.Gateway.Consumption.csproj", "{A1C1DBEB-3E5F-4F4F-8CBB-D566C696BB63}"
EndProject
Project("{9A19103F-16F7-4668-BE54-9A1E7A4F7556}") = "BasketService.Library", "Services\BasketService\BasketService.Library\BasketService.Library.csproj", "{6BF8F9D4-5EB1-4A77-B05A-73C7780A2D01}"
EndProject
Project("{FAE04EC0-301F-11D3-BF4B-00C04F79EFBC}") = "BasketService.Domain", "Services\BasketService\BasketService.Domain\BasketService.Domain.csproj", "{4C319643-423E-4C74-9859-D76A4D5157F1}"
EndProject
Project("{FAE04EC0-301F-11D3-BF4B-00C04F79EFBC}") = "BasketService.Tests", "Services\BasketService\BasketService.Tests\BasketService.Tests.csproj", "{6769157A-B1F7-44D7-82E3-CEF353B374F3}"
EndProject
Global
	GlobalSection(SolutionConfigurationPlatforms) = preSolution
		Debug|Any CPU = Debug|Any CPU
		Debug|x64 = Debug|x64
		Release|Any CPU = Release|Any CPU
		Release|x64 = Release|x64
	EndGlobalSection
	GlobalSection(ProjectConfigurationPlatforms) = postSolution
		{9DBE06C8-128D-4DBD-A058-E59208D7990C}.Debug|Any CPU.ActiveCfg = Debug|Any CPU
		{9DBE06C8-128D-4DBD-A058-E59208D7990C}.Debug|Any CPU.Build.0 = Debug|Any CPU
		{9DBE06C8-128D-4DBD-A058-E59208D7990C}.Debug|x64.ActiveCfg = Debug|Any CPU
		{9DBE06C8-128D-4DBD-A058-E59208D7990C}.Debug|x64.Build.0 = Debug|Any CPU
		{9DBE06C8-128D-4DBD-A058-E59208D7990C}.Release|Any CPU.ActiveCfg = Release|Any CPU
		{9DBE06C8-128D-4DBD-A058-E59208D7990C}.Release|Any CPU.Build.0 = Release|Any CPU
		{9DBE06C8-128D-4DBD-A058-E59208D7990C}.Release|x64.ActiveCfg = Release|Any CPU
		{9DBE06C8-128D-4DBD-A058-E59208D7990C}.Release|x64.Build.0 = Release|Any CPU
		{953770AF-6BDB-4F8A-B0DC-02ED98C4CE70}.Debug|Any CPU.ActiveCfg = Debug|Any CPU
		{953770AF-6BDB-4F8A-B0DC-02ED98C4CE70}.Debug|Any CPU.Build.0 = Debug|Any CPU
		{953770AF-6BDB-4F8A-B0DC-02ED98C4CE70}.Debug|x64.ActiveCfg = Debug|Any CPU
		{953770AF-6BDB-4F8A-B0DC-02ED98C4CE70}.Debug|x64.Build.0 = Debug|Any CPU
		{953770AF-6BDB-4F8A-B0DC-02ED98C4CE70}.Release|Any CPU.ActiveCfg = Release|Any CPU
		{953770AF-6BDB-4F8A-B0DC-02ED98C4CE70}.Release|Any CPU.Build.0 = Release|Any CPU
		{953770AF-6BDB-4F8A-B0DC-02ED98C4CE70}.Release|x64.ActiveCfg = Release|Any CPU
		{953770AF-6BDB-4F8A-B0DC-02ED98C4CE70}.Release|x64.Build.0 = Release|Any CPU
		{5F79557D-FEAD-48CF-B7F0-408DF8EF1175}.Debug|Any CPU.ActiveCfg = Debug|Any CPU
		{5F79557D-FEAD-48CF-B7F0-408DF8EF1175}.Debug|Any CPU.Build.0 = Debug|Any CPU
		{5F79557D-FEAD-48CF-B7F0-408DF8EF1175}.Debug|x64.ActiveCfg = Debug|Any CPU
		{5F79557D-FEAD-48CF-B7F0-408DF8EF1175}.Debug|x64.Build.0 = Debug|Any CPU
		{5F79557D-FEAD-48CF-B7F0-408DF8EF1175}.Release|Any CPU.ActiveCfg = Release|Any CPU
		{5F79557D-FEAD-48CF-B7F0-408DF8EF1175}.Release|Any CPU.Build.0 = Release|Any CPU
		{5F79557D-FEAD-48CF-B7F0-408DF8EF1175}.Release|x64.ActiveCfg = Release|Any CPU
		{5F79557D-FEAD-48CF-B7F0-408DF8EF1175}.Release|x64.Build.0 = Release|Any CPU
		{6837A02C-D92B-49D4-B826-4478286E49D0}.Debug|Any CPU.ActiveCfg = Debug|Any CPU
		{6837A02C-D92B-49D4-B826-4478286E49D0}.Debug|Any CPU.Build.0 = Debug|Any CPU
		{6837A02C-D92B-49D4-B826-4478286E49D0}.Debug|x64.ActiveCfg = Debug|Any CPU
		{6837A02C-D92B-49D4-B826-4478286E49D0}.Debug|x64.Build.0 = Debug|Any CPU
		{6837A02C-D92B-49D4-B826-4478286E49D0}.Release|Any CPU.ActiveCfg = Release|Any CPU
		{6837A02C-D92B-49D4-B826-4478286E49D0}.Release|Any CPU.Build.0 = Release|Any CPU
		{6837A02C-D92B-49D4-B826-4478286E49D0}.Release|x64.ActiveCfg = Release|Any CPU
		{6837A02C-D92B-49D4-B826-4478286E49D0}.Release|x64.Build.0 = Release|Any CPU
		{9140BB7D-BE7A-458C-BED3-D3E2C83C9660}.Debug|Any CPU.ActiveCfg = Debug|Any CPU
		{9140BB7D-BE7A-458C-BED3-D3E2C83C9660}.Debug|Any CPU.Build.0 = Debug|Any CPU
		{9140BB7D-BE7A-458C-BED3-D3E2C83C9660}.Debug|x64.ActiveCfg = Debug|Any CPU
		{9140BB7D-BE7A-458C-BED3-D3E2C83C9660}.Debug|x64.Build.0 = Debug|Any CPU
		{9140BB7D-BE7A-458C-BED3-D3E2C83C9660}.Release|Any CPU.ActiveCfg = Release|Any CPU
		{9140BB7D-BE7A-458C-BED3-D3E2C83C9660}.Release|Any CPU.Build.0 = Release|Any CPU
		{9140BB7D-BE7A-458C-BED3-D3E2C83C9660}.Release|x64.ActiveCfg = Release|Any CPU
		{9140BB7D-BE7A-458C-BED3-D3E2C83C9660}.Release|x64.Build.0 = Release|Any CPU
		{8C4D4052-33E9-4621-9410-7FA5B7B51AB6}.Debug|Any CPU.ActiveCfg = Debug|Any CPU
		{8C4D4052-33E9-4621-9410-7FA5B7B51AB6}.Debug|Any CPU.Build.0 = Debug|Any CPU
		{8C4D4052-33E9-4621-9410-7FA5B7B51AB6}.Debug|x64.ActiveCfg = Debug|Any CPU
		{8C4D4052-33E9-4621-9410-7FA5B7B51AB6}.Debug|x64.Build.0 = Debug|Any CPU
		{8C4D4052-33E9-4621-9410-7FA5B7B51AB6}.Release|Any CPU.ActiveCfg = Release|Any CPU
		{8C4D4052-33E9-4621-9410-7FA5B7B51AB6}.Release|Any CPU.Build.0 = Release|Any CPU
		{8C4D4052-33E9-4621-9410-7FA5B7B51AB6}.Release|x64.ActiveCfg = Release|Any CPU
		{8C4D4052-33E9-4621-9410-7FA5B7B51AB6}.Release|x64.Build.0 = Release|Any CPU
		{112DDE19-D863-4DAA-A61A-82D87761B0CE}.Debug|Any CPU.ActiveCfg = Debug|Any CPU
		{112DDE19-D863-4DAA-A61A-82D87761B0CE}.Debug|Any CPU.Build.0 = Debug|Any CPU
		{112DDE19-D863-4DAA-A61A-82D87761B0CE}.Debug|x64.ActiveCfg = Debug|Any CPU
		{112DDE19-D863-4DAA-A61A-82D87761B0CE}.Debug|x64.Build.0 = Debug|Any CPU
		{112DDE19-D863-4DAA-A61A-82D87761B0CE}.Release|Any CPU.ActiveCfg = Release|Any CPU
		{112DDE19-D863-4DAA-A61A-82D87761B0CE}.Release|Any CPU.Build.0 = Release|Any CPU
		{112DDE19-D863-4DAA-A61A-82D87761B0CE}.Release|x64.ActiveCfg = Release|Any CPU
		{112DDE19-D863-4DAA-A61A-82D87761B0CE}.Release|x64.Build.0 = Release|Any CPU
		{5051D005-2FA5-400D-9B4C-A06F8629D2E0}.Debug|Any CPU.ActiveCfg = Debug|Any CPU
		{5051D005-2FA5-400D-9B4C-A06F8629D2E0}.Debug|Any CPU.Build.0 = Debug|Any CPU
		{5051D005-2FA5-400D-9B4C-A06F8629D2E0}.Debug|x64.ActiveCfg = Debug|Any CPU
		{5051D005-2FA5-400D-9B4C-A06F8629D2E0}.Debug|x64.Build.0 = Debug|Any CPU
		{5051D005-2FA5-400D-9B4C-A06F8629D2E0}.Release|Any CPU.ActiveCfg = Release|Any CPU
		{5051D005-2FA5-400D-9B4C-A06F8629D2E0}.Release|Any CPU.Build.0 = Release|Any CPU
		{5051D005-2FA5-400D-9B4C-A06F8629D2E0}.Release|x64.ActiveCfg = Release|Any CPU
		{5051D005-2FA5-400D-9B4C-A06F8629D2E0}.Release|x64.Build.0 = Release|Any CPU
		{98051567-AACE-4E60-AAAE-C030491EE55B}.Debug|Any CPU.ActiveCfg = Debug|Any CPU
		{98051567-AACE-4E60-AAAE-C030491EE55B}.Debug|Any CPU.Build.0 = Debug|Any CPU
		{98051567-AACE-4E60-AAAE-C030491EE55B}.Debug|x64.ActiveCfg = Debug|Any CPU
		{98051567-AACE-4E60-AAAE-C030491EE55B}.Debug|x64.Build.0 = Debug|Any CPU
		{98051567-AACE-4E60-AAAE-C030491EE55B}.Release|Any CPU.ActiveCfg = Release|Any CPU
		{98051567-AACE-4E60-AAAE-C030491EE55B}.Release|Any CPU.Build.0 = Release|Any CPU
		{98051567-AACE-4E60-AAAE-C030491EE55B}.Release|x64.ActiveCfg = Release|Any CPU
		{98051567-AACE-4E60-AAAE-C030491EE55B}.Release|x64.Build.0 = Release|Any CPU
		{58AA8868-E919-46DB-A08E-C7606526B84C}.Debug|Any CPU.ActiveCfg = Debug|Any CPU
		{58AA8868-E919-46DB-A08E-C7606526B84C}.Debug|Any CPU.Build.0 = Debug|Any CPU
		{58AA8868-E919-46DB-A08E-C7606526B84C}.Debug|x64.ActiveCfg = Debug|Any CPU
		{58AA8868-E919-46DB-A08E-C7606526B84C}.Debug|x64.Build.0 = Debug|Any CPU
		{58AA8868-E919-46DB-A08E-C7606526B84C}.Release|Any CPU.ActiveCfg = Release|Any CPU
		{58AA8868-E919-46DB-A08E-C7606526B84C}.Release|Any CPU.Build.0 = Release|Any CPU
		{58AA8868-E919-46DB-A08E-C7606526B84C}.Release|x64.ActiveCfg = Release|Any CPU
		{58AA8868-E919-46DB-A08E-C7606526B84C}.Release|x64.Build.0 = Release|Any CPU
		{5480CD9B-E72D-4833-99ED-C591550AC200}.Debug|Any CPU.ActiveCfg = Debug|Any CPU
		{5480CD9B-E72D-4833-99ED-C591550AC200}.Debug|Any CPU.Build.0 = Debug|Any CPU
		{5480CD9B-E72D-4833-99ED-C591550AC200}.Debug|x64.ActiveCfg = Debug|Any CPU
		{5480CD9B-E72D-4833-99ED-C591550AC200}.Debug|x64.Build.0 = Debug|Any CPU
		{5480CD9B-E72D-4833-99ED-C591550AC200}.Release|Any CPU.ActiveCfg = Release|Any CPU
		{5480CD9B-E72D-4833-99ED-C591550AC200}.Release|Any CPU.Build.0 = Release|Any CPU
		{5480CD9B-E72D-4833-99ED-C591550AC200}.Release|x64.ActiveCfg = Release|Any CPU
		{5480CD9B-E72D-4833-99ED-C591550AC200}.Release|x64.Build.0 = Release|Any CPU
		{B1275D7C-EBF3-4B7A-80A4-F8B21294B03D}.Debug|Any CPU.ActiveCfg = Debug|Any CPU
		{B1275D7C-EBF3-4B7A-80A4-F8B21294B03D}.Debug|Any CPU.Build.0 = Debug|Any CPU
		{B1275D7C-EBF3-4B7A-80A4-F8B21294B03D}.Debug|x64.ActiveCfg = Debug|Any CPU
		{B1275D7C-EBF3-4B7A-80A4-F8B21294B03D}.Debug|x64.Build.0 = Debug|Any CPU
		{B1275D7C-EBF3-4B7A-80A4-F8B21294B03D}.Release|Any CPU.ActiveCfg = Release|Any CPU
		{B1275D7C-EBF3-4B7A-80A4-F8B21294B03D}.Release|Any CPU.Build.0 = Release|Any CPU
		{B1275D7C-EBF3-4B7A-80A4-F8B21294B03D}.Release|x64.ActiveCfg = Release|Any CPU
		{B1275D7C-EBF3-4B7A-80A4-F8B21294B03D}.Release|x64.Build.0 = Release|Any CPU
		{2DF921CE-27D4-40B6-9EAC-4F7343A89EEB}.Debug|Any CPU.ActiveCfg = Debug|Any CPU
		{2DF921CE-27D4-40B6-9EAC-4F7343A89EEB}.Debug|Any CPU.Build.0 = Debug|Any CPU
		{2DF921CE-27D4-40B6-9EAC-4F7343A89EEB}.Debug|x64.ActiveCfg = Debug|Any CPU
		{2DF921CE-27D4-40B6-9EAC-4F7343A89EEB}.Debug|x64.Build.0 = Debug|Any CPU
		{2DF921CE-27D4-40B6-9EAC-4F7343A89EEB}.Release|Any CPU.ActiveCfg = Release|Any CPU
		{2DF921CE-27D4-40B6-9EAC-4F7343A89EEB}.Release|Any CPU.Build.0 = Release|Any CPU
		{2DF921CE-27D4-40B6-9EAC-4F7343A89EEB}.Release|x64.ActiveCfg = Release|Any CPU
		{2DF921CE-27D4-40B6-9EAC-4F7343A89EEB}.Release|x64.Build.0 = Release|Any CPU
		{0B8577E4-49C0-4853-8CCE-285F93DFB931}.Debug|Any CPU.ActiveCfg = Debug|Any CPU
		{0B8577E4-49C0-4853-8CCE-285F93DFB931}.Debug|Any CPU.Build.0 = Debug|Any CPU
		{0B8577E4-49C0-4853-8CCE-285F93DFB931}.Debug|x64.ActiveCfg = Debug|Any CPU
		{0B8577E4-49C0-4853-8CCE-285F93DFB931}.Debug|x64.Build.0 = Debug|Any CPU
		{0B8577E4-49C0-4853-8CCE-285F93DFB931}.Release|Any CPU.ActiveCfg = Release|Any CPU
		{0B8577E4-49C0-4853-8CCE-285F93DFB931}.Release|Any CPU.Build.0 = Release|Any CPU
		{0B8577E4-49C0-4853-8CCE-285F93DFB931}.Release|x64.ActiveCfg = Release|Any CPU
		{0B8577E4-49C0-4853-8CCE-285F93DFB931}.Release|x64.Build.0 = Release|Any CPU
		{23A98614-4E09-4D9C-B851-3F6F8011E24A}.Debug|Any CPU.ActiveCfg = Debug|Any CPU
		{23A98614-4E09-4D9C-B851-3F6F8011E24A}.Debug|Any CPU.Build.0 = Debug|Any CPU
		{23A98614-4E09-4D9C-B851-3F6F8011E24A}.Debug|x64.ActiveCfg = Debug|Any CPU
		{23A98614-4E09-4D9C-B851-3F6F8011E24A}.Debug|x64.Build.0 = Debug|Any CPU
		{23A98614-4E09-4D9C-B851-3F6F8011E24A}.Release|Any CPU.ActiveCfg = Release|Any CPU
		{23A98614-4E09-4D9C-B851-3F6F8011E24A}.Release|Any CPU.Build.0 = Release|Any CPU
		{23A98614-4E09-4D9C-B851-3F6F8011E24A}.Release|x64.ActiveCfg = Release|Any CPU
		{23A98614-4E09-4D9C-B851-3F6F8011E24A}.Release|x64.Build.0 = Release|Any CPU
		{8B3F1FE6-3A59-4F12-BE8A-E3153F518D96}.Debug|Any CPU.ActiveCfg = Debug|Any CPU
		{8B3F1FE6-3A59-4F12-BE8A-E3153F518D96}.Debug|Any CPU.Build.0 = Debug|Any CPU
		{8B3F1FE6-3A59-4F12-BE8A-E3153F518D96}.Debug|x64.ActiveCfg = Debug|Any CPU
		{8B3F1FE6-3A59-4F12-BE8A-E3153F518D96}.Debug|x64.Build.0 = Debug|Any CPU
		{8B3F1FE6-3A59-4F12-BE8A-E3153F518D96}.Release|Any CPU.ActiveCfg = Release|Any CPU
		{8B3F1FE6-3A59-4F12-BE8A-E3153F518D96}.Release|Any CPU.Build.0 = Release|Any CPU
		{8B3F1FE6-3A59-4F12-BE8A-E3153F518D96}.Release|x64.ActiveCfg = Release|Any CPU
		{8B3F1FE6-3A59-4F12-BE8A-E3153F518D96}.Release|x64.Build.0 = Release|Any CPU
		{125C6E46-A8A4-446F-98EB-C69EE9372580}.Debug|Any CPU.ActiveCfg = Debug|Any CPU
		{125C6E46-A8A4-446F-98EB-C69EE9372580}.Debug|Any CPU.Build.0 = Debug|Any CPU
		{125C6E46-A8A4-446F-98EB-C69EE9372580}.Debug|x64.ActiveCfg = Debug|Any CPU
		{125C6E46-A8A4-446F-98EB-C69EE9372580}.Debug|x64.Build.0 = Debug|Any CPU
		{125C6E46-A8A4-446F-98EB-C69EE9372580}.Release|Any CPU.ActiveCfg = Release|Any CPU
		{125C6E46-A8A4-446F-98EB-C69EE9372580}.Release|Any CPU.Build.0 = Release|Any CPU
		{125C6E46-A8A4-446F-98EB-C69EE9372580}.Release|x64.ActiveCfg = Release|Any CPU
		{125C6E46-A8A4-446F-98EB-C69EE9372580}.Release|x64.Build.0 = Release|Any CPU
		{B413AD04-3E0C-4E0E-87E9-9C8D41B78F90}.Debug|Any CPU.ActiveCfg = Debug|Any CPU
		{B413AD04-3E0C-4E0E-87E9-9C8D41B78F90}.Debug|Any CPU.Build.0 = Debug|Any CPU
		{B413AD04-3E0C-4E0E-87E9-9C8D41B78F90}.Debug|x64.ActiveCfg = Debug|Any CPU
		{B413AD04-3E0C-4E0E-87E9-9C8D41B78F90}.Debug|x64.Build.0 = Debug|Any CPU
		{B413AD04-3E0C-4E0E-87E9-9C8D41B78F90}.Release|Any CPU.ActiveCfg = Release|Any CPU
		{B413AD04-3E0C-4E0E-87E9-9C8D41B78F90}.Release|Any CPU.Build.0 = Release|Any CPU
		{B413AD04-3E0C-4E0E-87E9-9C8D41B78F90}.Release|x64.ActiveCfg = Release|Any CPU
		{B413AD04-3E0C-4E0E-87E9-9C8D41B78F90}.Release|x64.Build.0 = Release|Any CPU
		{C29AF6D9-2747-4351-B219-AC475067AC06}.Debug|Any CPU.ActiveCfg = Debug|Any CPU
		{C29AF6D9-2747-4351-B219-AC475067AC06}.Debug|Any CPU.Build.0 = Debug|Any CPU
		{C29AF6D9-2747-4351-B219-AC475067AC06}.Debug|x64.ActiveCfg = Debug|Any CPU
		{C29AF6D9-2747-4351-B219-AC475067AC06}.Debug|x64.Build.0 = Debug|Any CPU
		{C29AF6D9-2747-4351-B219-AC475067AC06}.Release|Any CPU.ActiveCfg = Release|Any CPU
		{C29AF6D9-2747-4351-B219-AC475067AC06}.Release|Any CPU.Build.0 = Release|Any CPU
		{C29AF6D9-2747-4351-B219-AC475067AC06}.Release|x64.ActiveCfg = Release|Any CPU
		{C29AF6D9-2747-4351-B219-AC475067AC06}.Release|x64.Build.0 = Release|Any CPU
		{D83733E6-A887-4A85-94AF-4BA0CA9E7BDA}.Debug|Any CPU.ActiveCfg = Debug|Any CPU
		{D83733E6-A887-4A85-94AF-4BA0CA9E7BDA}.Debug|Any CPU.Build.0 = Debug|Any CPU
		{D83733E6-A887-4A85-94AF-4BA0CA9E7BDA}.Debug|x64.ActiveCfg = Debug|Any CPU
		{D83733E6-A887-4A85-94AF-4BA0CA9E7BDA}.Debug|x64.Build.0 = Debug|Any CPU
		{D83733E6-A887-4A85-94AF-4BA0CA9E7BDA}.Release|Any CPU.ActiveCfg = Release|Any CPU
		{D83733E6-A887-4A85-94AF-4BA0CA9E7BDA}.Release|Any CPU.Build.0 = Release|Any CPU
		{D83733E6-A887-4A85-94AF-4BA0CA9E7BDA}.Release|x64.ActiveCfg = Release|Any CPU
		{D83733E6-A887-4A85-94AF-4BA0CA9E7BDA}.Release|x64.Build.0 = Release|Any CPU
		{A1C1DBEB-3E5F-4F4F-8CBB-D566C696BB63}.Debug|Any CPU.ActiveCfg = Debug|Any CPU
		{A1C1DBEB-3E5F-4F4F-8CBB-D566C696BB63}.Debug|Any CPU.Build.0 = Debug|Any CPU
		{A1C1DBEB-3E5F-4F4F-8CBB-D566C696BB63}.Debug|x64.ActiveCfg = Debug|Any CPU
		{A1C1DBEB-3E5F-4F4F-8CBB-D566C696BB63}.Debug|x64.Build.0 = Debug|Any CPU
		{A1C1DBEB-3E5F-4F4F-8CBB-D566C696BB63}.Release|Any CPU.ActiveCfg = Release|Any CPU
		{A1C1DBEB-3E5F-4F4F-8CBB-D566C696BB63}.Release|Any CPU.Build.0 = Release|Any CPU
		{A1C1DBEB-3E5F-4F4F-8CBB-D566C696BB63}.Release|x64.ActiveCfg = Release|Any CPU
		{A1C1DBEB-3E5F-4F4F-8CBB-D566C696BB63}.Release|x64.Build.0 = Release|Any CPU
		{6BF8F9D4-5EB1-4A77-B05A-73C7780A2D01}.Debug|Any CPU.ActiveCfg = Debug|Any CPU
		{6BF8F9D4-5EB1-4A77-B05A-73C7780A2D01}.Debug|Any CPU.Build.0 = Debug|Any CPU
		{6BF8F9D4-5EB1-4A77-B05A-73C7780A2D01}.Debug|x64.ActiveCfg = Debug|Any CPU
		{6BF8F9D4-5EB1-4A77-B05A-73C7780A2D01}.Debug|x64.Build.0 = Debug|Any CPU
		{6BF8F9D4-5EB1-4A77-B05A-73C7780A2D01}.Release|Any CPU.ActiveCfg = Release|Any CPU
		{6BF8F9D4-5EB1-4A77-B05A-73C7780A2D01}.Release|Any CPU.Build.0 = Release|Any CPU
		{6BF8F9D4-5EB1-4A77-B05A-73C7780A2D01}.Release|x64.ActiveCfg = Release|Any CPU
		{6BF8F9D4-5EB1-4A77-B05A-73C7780A2D01}.Release|x64.Build.0 = Release|Any CPU
		{4C319643-423E-4C74-9859-D76A4D5157F1}.Debug|Any CPU.ActiveCfg = Debug|Any CPU
		{4C319643-423E-4C74-9859-D76A4D5157F1}.Debug|Any CPU.Build.0 = Debug|Any CPU
		{4C319643-423E-4C74-9859-D76A4D5157F1}.Debug|x64.ActiveCfg = Debug|Any CPU
		{4C319643-423E-4C74-9859-D76A4D5157F1}.Debug|x64.Build.0 = Debug|Any CPU
		{4C319643-423E-4C74-9859-D76A4D5157F1}.Release|Any CPU.ActiveCfg = Release|Any CPU
		{4C319643-423E-4C74-9859-D76A4D5157F1}.Release|Any CPU.Build.0 = Release|Any CPU
		{4C319643-423E-4C74-9859-D76A4D5157F1}.Release|x64.ActiveCfg = Release|Any CPU
		{4C319643-423E-4C74-9859-D76A4D5157F1}.Release|x64.Build.0 = Release|Any CPU
		{6769157A-B1F7-44D7-82E3-CEF353B374F3}.Debug|Any CPU.ActiveCfg = Debug|Any CPU
		{6769157A-B1F7-44D7-82E3-CEF353B374F3}.Debug|Any CPU.Build.0 = Debug|Any CPU
		{6769157A-B1F7-44D7-82E3-CEF353B374F3}.Debug|x64.ActiveCfg = Debug|Any CPU
		{6769157A-B1F7-44D7-82E3-CEF353B374F3}.Debug|x64.Build.0 = Debug|Any CPU
		{6769157A-B1F7-44D7-82E3-CEF353B374F3}.Release|Any CPU.ActiveCfg = Release|Any CPU
		{6769157A-B1F7-44D7-82E3-CEF353B374F3}.Release|Any CPU.Build.0 = Release|Any CPU
		{6769157A-B1F7-44D7-82E3-CEF353B374F3}.Release|x64.ActiveCfg = Release|Any CPU
		{6769157A-B1F7-44D7-82E3-CEF353B374F3}.Release|x64.Build.0 = Release|Any CPU
	EndGlobalSection
	GlobalSection(SolutionProperties) = preSolution
		HideSolutionNode = FALSE
	EndGlobalSection
	GlobalSection(NestedProjects) = preSolution
		{89CAE4FB-B137-4D7E-814F-BD0AC56BD56E} = {081EF36E-FCAA-46F8-9A9E-677130353953}
		{B5C7A4CB-3EAB-4657-AA05-AEA5D94527F2} = {081EF36E-FCAA-46F8-9A9E-677130353953}
		{46DD3247-55A7-4912-89CB-D9510EF9234E} = {081EF36E-FCAA-46F8-9A9E-677130353953}
		{9DBE06C8-128D-4DBD-A058-E59208D7990C} = {B5C7A4CB-3EAB-4657-AA05-AEA5D94527F2}
		{953770AF-6BDB-4F8A-B0DC-02ED98C4CE70} = {B5C7A4CB-3EAB-4657-AA05-AEA5D94527F2}
		{5F79557D-FEAD-48CF-B7F0-408DF8EF1175} = {B5C7A4CB-3EAB-4657-AA05-AEA5D94527F2}
		{6837A02C-D92B-49D4-B826-4478286E49D0} = {89CAE4FB-B137-4D7E-814F-BD0AC56BD56E}
		{9140BB7D-BE7A-458C-BED3-D3E2C83C9660} = {89CAE4FB-B137-4D7E-814F-BD0AC56BD56E}
		{8C4D4052-33E9-4621-9410-7FA5B7B51AB6} = {46DD3247-55A7-4912-89CB-D9510EF9234E}
		{5051D005-2FA5-400D-9B4C-A06F8629D2E0} = {805A1AE0-22BF-46EB-9C52-BACB3668D231}
		{98051567-AACE-4E60-AAAE-C030491EE55B} = {188404DE-6D1A-46EC-9076-1528CC922B01}
		{58AA8868-E919-46DB-A08E-C7606526B84C} = {89CAE4FB-B137-4D7E-814F-BD0AC56BD56E}
		{5480CD9B-E72D-4833-99ED-C591550AC200} = {B5C7A4CB-3EAB-4657-AA05-AEA5D94527F2}
		{B1275D7C-EBF3-4B7A-80A4-F8B21294B03D} = {B5C7A4CB-3EAB-4657-AA05-AEA5D94527F2}
		{2DF921CE-27D4-40B6-9EAC-4F7343A89EEB} = {188404DE-6D1A-46EC-9076-1528CC922B01}
		{0B8577E4-49C0-4853-8CCE-285F93DFB931} = {188404DE-6D1A-46EC-9076-1528CC922B01}
		{23A98614-4E09-4D9C-B851-3F6F8011E24A} = {89CAE4FB-B137-4D7E-814F-BD0AC56BD56E}
		{8B3F1FE6-3A59-4F12-BE8A-E3153F518D96} = {2CA2B108-2958-4B25-A4F2-95EB320FD068}
		{125C6E46-A8A4-446F-98EB-C69EE9372580} = {89CAE4FB-B137-4D7E-814F-BD0AC56BD56E}
		{B413AD04-3E0C-4E0E-87E9-9C8D41B78F90} = {188404DE-6D1A-46EC-9076-1528CC922B01}
		{C29AF6D9-2747-4351-B219-AC475067AC06} = {805A1AE0-22BF-46EB-9C52-BACB3668D231}
		{D83733E6-A887-4A85-94AF-4BA0CA9E7BDA} = {2296A82A-FEC7-4C94-BAA2-FB9CA8AA6371}
		{2296A82A-FEC7-4C94-BAA2-FB9CA8AA6371} = {081EF36E-FCAA-46F8-9A9E-677130353953}
		{A1C1DBEB-3E5F-4F4F-8CBB-D566C696BB63} = {2CA2B108-2958-4B25-A4F2-95EB320FD068}
		{6BF8F9D4-5EB1-4A77-B05A-73C7780A2D01} = {2296A82A-FEC7-4C94-BAA2-FB9CA8AA6371}
		{4C319643-423E-4C74-9859-D76A4D5157F1} = {2296A82A-FEC7-4C94-BAA2-FB9CA8AA6371}
		{6769157A-B1F7-44D7-82E3-CEF353B374F3} = {2296A82A-FEC7-4C94-BAA2-FB9CA8AA6371}
	EndGlobalSection
	GlobalSection(ExtensibilityGlobals) = postSolution
		SolutionGuid = {300DEE50-88C8-433E-B879-CF5ADCE2FAFA}
	EndGlobalSection
EndGlobal
